
Microsoft Visual Studio Solution File, Format Version 12.00
# Visual Studio Version 16
VisualStudioVersion = 16.0.28922.388
MinimumVisualStudioVersion = 10.0.40219.1
Project("{FAE04EC0-301F-11D3-BF4B-00C04F79EFBC}") = "Leads_MVVM", "Leads_MVVM\Leads_MVVM.csproj", "{CE6136B5-EB77-4301-A8C9-F5386D146CF4}"
EndProject
Global
	GlobalSection(SolutionConfigurationPlatforms) = preSolution
		Debug|Any CPU = Debug|Any CPU
		Release|Any CPU = Release|Any CPU
	EndGlobalSection
	GlobalSection(ProjectConfigurationPlatforms) = postSolution
		{CE6136B5-EB77-4301-A8C9-F5386D146CF4}.Debug|Any CPU.ActiveCfg = Debug|Any CPU
		{CE6136B5-EB77-4301-A8C9-F5386D146CF4}.Debug|Any CPU.Build.0 = Debug|Any CPU
		{CE6136B5-EB77-4301-A8C9-F5386D146CF4}.Release|Any CPU.ActiveCfg = Release|Any CPU
		{CE6136B5-EB77-4301-A8C9-F5386D146CF4}.Release|Any CPU.Build.0 = Release|Any CPU
	EndGlobalSection
	GlobalSection(SolutionProperties) = preSolution
		HideSolutionNode = FALSE
	EndGlobalSection
	GlobalSection(ExtensibilityGlobals) = postSolution
		SolutionGuid = {F8D312FD-61C8-41A8-9447-667769220C62}
	EndGlobalSection
EndGlobal
